
Microsoft Visual Studio Solution File, Format Version 12.00
# Visual Studio Version 16
VisualStudioVersion = 16.0.30128.74
MinimumVisualStudioVersion = 15.0.26124.0
Project("{FAE04EC0-301F-11D3-BF4B-00C04F79EFBC}") = "Core", "Core\Core.csproj", "{7DD892C2-4291-46D4-B297-94499C7B916E}"
EndProject
Project("{FAE04EC0-301F-11D3-BF4B-00C04F79EFBC}") = "Core.Tests", "Core.Tests\Core.Tests.csproj", "{2ACF7BFC-C9B1-401D-8A0B-444D3AEAB8B9}"
EndProject
Project("{FAE04EC0-301F-11D3-BF4B-00C04F79EFBC}") = "Presentation", "Presentation\Presentation.csproj", "{597CC306-6D94-4A42-9FD5-A96F4636C577}"
EndProject
Global
	GlobalSection(SolutionConfigurationPlatforms) = preSolution
		Debug|Any CPU = Debug|Any CPU
		Debug|x64 = Debug|x64
		Debug|x86 = Debug|x86
		Release|Any CPU = Release|Any CPU
		Release|x64 = Release|x64
		Release|x86 = Release|x86
	EndGlobalSection
	GlobalSection(ProjectConfigurationPlatforms) = postSolution
		{7DD892C2-4291-46D4-B297-94499C7B916E}.Debug|Any CPU.ActiveCfg = Debug|Any CPU
		{7DD892C2-4291-46D4-B297-94499C7B916E}.Debug|Any CPU.Build.0 = Debug|Any CPU
		{7DD892C2-4291-46D4-B297-94499C7B916E}.Debug|x64.ActiveCfg = Debug|Any CPU
		{7DD892C2-4291-46D4-B297-94499C7B916E}.Debug|x64.Build.0 = Debug|Any CPU
		{7DD892C2-4291-46D4-B297-94499C7B916E}.Debug|x86.ActiveCfg = Debug|Any CPU
		{7DD892C2-4291-46D4-B297-94499C7B916E}.Debug|x86.Build.0 = Debug|Any CPU
		{7DD892C2-4291-46D4-B297-94499C7B916E}.Release|Any CPU.ActiveCfg = Release|Any CPU
		{7DD892C2-4291-46D4-B297-94499C7B916E}.Release|Any CPU.Build.0 = Release|Any CPU
		{7DD892C2-4291-46D4-B297-94499C7B916E}.Release|x64.ActiveCfg = Release|Any CPU
		{7DD892C2-4291-46D4-B297-94499C7B916E}.Release|x64.Build.0 = Release|Any CPU
		{7DD892C2-4291-46D4-B297-94499C7B916E}.Release|x86.ActiveCfg = Release|Any CPU
		{7DD892C2-4291-46D4-B297-94499C7B916E}.Release|x86.Build.0 = Release|Any CPU
		{2ACF7BFC-C9B1-401D-8A0B-444D3AEAB8B9}.Debug|Any CPU.ActiveCfg = Debug|Any CPU
		{2ACF7BFC-C9B1-401D-8A0B-444D3AEAB8B9}.Debug|Any CPU.Build.0 = Debug|Any CPU
		{2ACF7BFC-C9B1-401D-8A0B-444D3AEAB8B9}.Debug|x64.ActiveCfg = Debug|Any CPU
		{2ACF7BFC-C9B1-401D-8A0B-444D3AEAB8B9}.Debug|x64.Build.0 = Debug|Any CPU
		{2ACF7BFC-C9B1-401D-8A0B-444D3AEAB8B9}.Debug|x86.ActiveCfg = Debug|Any CPU
		{2ACF7BFC-C9B1-401D-8A0B-444D3AEAB8B9}.Debug|x86.Build.0 = Debug|Any CPU
		{2ACF7BFC-C9B1-401D-8A0B-444D3AEAB8B9}.Release|Any CPU.ActiveCfg = Release|Any CPU
		{2ACF7BFC-C9B1-401D-8A0B-444D3AEAB8B9}.Release|Any CPU.Build.0 = Release|Any CPU
		{2ACF7BFC-C9B1-401D-8A0B-444D3AEAB8B9}.Release|x64.ActiveCfg = Release|Any CPU
		{2ACF7BFC-C9B1-401D-8A0B-444D3AEAB8B9}.Release|x64.Build.0 = Release|Any CPU
		{2ACF7BFC-C9B1-401D-8A0B-444D3AEAB8B9}.Release|x86.ActiveCfg = Release|Any CPU
		{2ACF7BFC-C9B1-401D-8A0B-444D3AEAB8B9}.Release|x86.Build.0 = Release|Any CPU
		{597CC306-6D94-4A42-9FD5-A96F4636C577}.Debug|Any CPU.ActiveCfg = Debug|Any CPU
		{597CC306-6D94-4A42-9FD5-A96F4636C577}.Debug|Any CPU.Build.0 = Debug|Any CPU
		{597CC306-6D94-4A42-9FD5-A96F4636C577}.Debug|x64.ActiveCfg = Debug|Any CPU
		{597CC306-6D94-4A42-9FD5-A96F4636C577}.Debug|x64.Build.0 = Debug|Any CPU
		{597CC306-6D94-4A42-9FD5-A96F4636C577}.Debug|x86.ActiveCfg = Debug|Any CPU
		{597CC306-6D94-4A42-9FD5-A96F4636C577}.Debug|x86.Build.0 = Debug|Any CPU
		{597CC306-6D94-4A42-9FD5-A96F4636C577}.Release|Any CPU.ActiveCfg = Release|Any CPU
		{597CC306-6D94-4A42-9FD5-A96F4636C577}.Release|Any CPU.Build.0 = Release|Any CPU
		{597CC306-6D94-4A42-9FD5-A96F4636C577}.Release|x64.ActiveCfg = Release|Any CPU
		{597CC306-6D94-4A42-9FD5-A96F4636C577}.Release|x64.Build.0 = Release|Any CPU
		{597CC306-6D94-4A42-9FD5-A96F4636C577}.Release|x86.ActiveCfg = Release|Any CPU
		{597CC306-6D94-4A42-9FD5-A96F4636C577}.Release|x86.Build.0 = Release|Any CPU
	EndGlobalSection
	GlobalSection(SolutionProperties) = preSolution
		HideSolutionNode = FALSE
	EndGlobalSection
	GlobalSection(ExtensibilityGlobals) = postSolution
		SolutionGuid = {212272CF-3A43-4572-91AD-D18C3CE801AF}
	EndGlobalSection
EndGlobal
